// !$*UTF8*$!
{
	archiveVersion = 1;
	classes = {
	};
	objectVersion = 46;
	objects = {

/* Begin PBXBuildFile section */
		0449D4161D2CDA2B007A0BA9 /* TTC_NumberAndTypeOfPrompt.m in Sources */ = {isa = PBXBuildFile; fileRef = 0449D4141D2CDA2B007A0BA9 /* TTC_NumberAndTypeOfPrompt.m */; };
		0449D4171D2CDA2B007A0BA9 /* TTC_NumberAndTypeOfPrompt.xib in Resources */ = {isa = PBXBuildFile; fileRef = 0449D4151D2CDA2B007A0BA9 /* TTC_NumberAndTypeOfPrompt.xib */; };
		0449D4271D2D01E9007A0BA9 /* CustomCollectionViewLayout.m in Sources */ = {isa = PBXBuildFile; fileRef = 0449D4261D2D01E9007A0BA9 /* CustomCollectionViewLayout.m */; };
		0449D4321D2D02F8007A0BA9 /* PromptTypeCollectionCell.m in Sources */ = {isa = PBXBuildFile; fileRef = 0449D4301D2D02F8007A0BA9 /* PromptTypeCollectionCell.m */; };
		0449D4331D2D02F8007A0BA9 /* PromptTypeCollectionCell.xib in Resources */ = {isa = PBXBuildFile; fileRef = 0449D4311D2D02F8007A0BA9 /* PromptTypeCollectionCell.xib */; };
		04CDF5B71D18E5C20074768A /* main.m in Sources */ = {isa = PBXBuildFile; fileRef = 04CDF5B61D18E5C20074768A /* main.m */; };
		04CDF5BA1D18E5C20074768A /* AppDelegate.m in Sources */ = {isa = PBXBuildFile; fileRef = 04CDF5B91D18E5C20074768A /* AppDelegate.m */; };
		04CDF5C01D18E5C20074768A /* Main.storyboard in Resources */ = {isa = PBXBuildFile; fileRef = 04CDF5BE1D18E5C20074768A /* Main.storyboard */; };
		04CDF5C21D18E5C20074768A /* Assets.xcassets in Resources */ = {isa = PBXBuildFile; fileRef = 04CDF5C11D18E5C20074768A /* Assets.xcassets */; };
		04CDF5C51D18E5C20074768A /* LaunchScreen.storyboard in Resources */ = {isa = PBXBuildFile; fileRef = 04CDF5C31D18E5C20074768A /* LaunchScreen.storyboard */; };
		04CDF5CF1D18E7730074768A /* ViewController.m in Sources */ = {isa = PBXBuildFile; fileRef = 04CDF5CE1D18E7730074768A /* ViewController.m */; };
		04CDF5D11D18E7940074768A /* ViewController.xib in Resources */ = {isa = PBXBuildFile; fileRef = 04CDF5D01D18E7940074768A /* ViewController.xib */; };
		04F3A5511D1B9F9500CFA0AE /* XMLParserFile in Resources */ = {isa = PBXBuildFile; fileRef = 04F3A5501D1B9F9500CFA0AE /* XMLParserFile */; };
/* End PBXBuildFile section */

/* Begin PBXFileReference section */
		0449D4131D2CDA2B007A0BA9 /* TTC_NumberAndTypeOfPrompt.h */ = {isa = PBXFileReference; fileEncoding = 4; lastKnownFileType = sourcecode.c.h; path = TTC_NumberAndTypeOfPrompt.h; sourceTree = "<group>"; };
		0449D4141D2CDA2B007A0BA9 /* TTC_NumberAndTypeOfPrompt.m */ = {isa = PBXFileReference; fileEncoding = 4; lastKnownFileType = sourcecode.c.objc; path = TTC_NumberAndTypeOfPrompt.m; sourceTree = "<group>"; };
		0449D4151D2CDA2B007A0BA9 /* TTC_NumberAndTypeOfPrompt.xib */ = {isa = PBXFileReference; fileEncoding = 4; lastKnownFileType = file.xib; path = TTC_NumberAndTypeOfPrompt.xib; sourceTree = "<group>"; };
		0449D4251D2D01E9007A0BA9 /* CustomCollectionViewLayout.h */ = {isa = PBXFileReference; fileEncoding = 4; lastKnownFileType = sourcecode.c.h; path = CustomCollectionViewLayout.h; sourceTree = "<group>"; };
		0449D4261D2D01E9007A0BA9 /* CustomCollectionViewLayout.m */ = {isa = PBXFileReference; fileEncoding = 4; lastKnownFileType = sourcecode.c.objc; path = CustomCollectionViewLayout.m; sourceTree = "<group>"; };
		0449D42F1D2D02F8007A0BA9 /* PromptTypeCollectionCell.h */ = {isa = PBXFileReference; fileEncoding = 4; lastKnownFileType = sourcecode.c.h; path = PromptTypeCollectionCell.h; sourceTree = "<group>"; };
		0449D4301D2D02F8007A0BA9 /* PromptTypeCollectionCell.m */ = {isa = PBXFileReference; fileEncoding = 4; lastKnownFileType = sourcecode.c.objc; path = PromptTypeCollectionCell.m; sourceTree = "<group>"; };
		0449D4311D2D02F8007A0BA9 /* PromptTypeCollectionCell.xib */ = {isa = PBXFileReference; fileEncoding = 4; lastKnownFileType = file.xib; path = PromptTypeCollectionCell.xib; sourceTree = "<group>"; };
		04CDF5B21D18E5C20074768A /* WebserviceDemo.app */ = {isa = PBXFileReference; explicitFileType = wrapper.application; includeInIndex = 0; path = WebserviceDemo.app; sourceTree = BUILT_PRODUCTS_DIR; };
		04CDF5B61D18E5C20074768A /* main.m */ = {isa = PBXFileReference; lastKnownFileType = sourcecode.c.objc; path = main.m; sourceTree = "<group>"; };
		04CDF5B81D18E5C20074768A /* AppDelegate.h */ = {isa = PBXFileReference; lastKnownFileType = sourcecode.c.h; path = AppDelegate.h; sourceTree = "<group>"; };
		04CDF5B91D18E5C20074768A /* AppDelegate.m */ = {isa = PBXFileReference; lastKnownFileType = sourcecode.c.objc; path = AppDelegate.m; sourceTree = "<group>"; };
		04CDF5BF1D18E5C20074768A /* Base */ = {isa = PBXFileReference; lastKnownFileType = file.storyboard; name = Base; path = Base.lproj/Main.storyboard; sourceTree = "<group>"; };
		04CDF5C11D18E5C20074768A /* Assets.xcassets */ = {isa = PBXFileReference; lastKnownFileType = folder.assetcatalog; path = Assets.xcassets; sourceTree = "<group>"; };
		04CDF5C41D18E5C20074768A /* Base */ = {isa = PBXFileReference; lastKnownFileType = file.storyboard; name = Base; path = Base.lproj/LaunchScreen.storyboard; sourceTree = "<group>"; };
		04CDF5C61D18E5C20074768A /* Info.plist */ = {isa = PBXFileReference; lastKnownFileType = text.plist.xml; path = Info.plist; sourceTree = "<group>"; };
		04CDF5CD1D18E7730074768A /* ViewController.h */ = {isa = PBXFileReference; fileEncoding = 4; lastKnownFileType = sourcecode.c.h; path = ViewController.h; sourceTree = "<group>"; };
		04CDF5CE1D18E7730074768A /* ViewController.m */ = {isa = PBXFileReference; fileEncoding = 4; lastKnownFileType = sourcecode.c.objc; path = ViewController.m; sourceTree = "<group>"; };
		04CDF5D01D18E7940074768A /* ViewController.xib */ = {isa = PBXFileReference; fileEncoding = 4; lastKnownFileType = file.xib; path = ViewController.xib; sourceTree = "<group>"; };
		04F3A5501D1B9F9500CFA0AE /* XMLParserFile */ = {isa = PBXFileReference; fileEncoding = 4; lastKnownFileType = text; path = XMLParserFile; sourceTree = "<group>"; };
/* End PBXFileReference section */

/* Begin PBXFrameworksBuildPhase section */
		04CDF5AF1D18E5C20074768A /* Frameworks */ = {
			isa = PBXFrameworksBuildPhase;
			buildActionMask = 2147483647;
			files = (
			);
			runOnlyForDeploymentPostprocessing = 0;
		};
/* End PBXFrameworksBuildPhase section */

/* Begin PBXGroup section */
		0449D4111D2CD9D8007A0BA9 /* LifeSkillDemoClasses */ = {
			isa = PBXGroup;
			children = (
				0449D4121D2CD9D8007A0BA9 /* MainPage  */,
			);
			path = LifeSkillDemoClasses;
			sourceTree = "<group>";
		};
		0449D4121D2CD9D8007A0BA9 /* MainPage  */ = {
			isa = PBXGroup;
			children = (
				0449D4281D2D02A5007A0BA9 /* PromptTypeCollectionCell */,
				0449D4241D2D01E9007A0BA9 /* CustomCollectionViewLayout */,
				0449D4131D2CDA2B007A0BA9 /* TTC_NumberAndTypeOfPrompt.h */,
				0449D4141D2CDA2B007A0BA9 /* TTC_NumberAndTypeOfPrompt.m */,
				0449D4151D2CDA2B007A0BA9 /* TTC_NumberAndTypeOfPrompt.xib */,
			);
			path = "MainPage ";
			sourceTree = "<group>";
		};
		0449D4241D2D01E9007A0BA9 /* CustomCollectionViewLayout */ = {
			isa = PBXGroup;
			children = (
				0449D4251D2D01E9007A0BA9 /* CustomCollectionViewLayout.h */,
				0449D4261D2D01E9007A0BA9 /* CustomCollectionViewLayout.m */,
			);
			path = CustomCollectionViewLayout;
			sourceTree = "<group>";
		};
		0449D4281D2D02A5007A0BA9 /* PromptTypeCollectionCell */ = {
			isa = PBXGroup;
			children = (
				0449D42F1D2D02F8007A0BA9 /* PromptTypeCollectionCell.h */,
				0449D4301D2D02F8007A0BA9 /* PromptTypeCollectionCell.m */,
				0449D4311D2D02F8007A0BA9 /* PromptTypeCollectionCell.xib */,
			);
			path = PromptTypeCollectionCell;
			sourceTree = "<group>";
		};
		04CDF5A91D18E5C20074768A = {
			isa = PBXGroup;
			children = (
				04CDF5B41D18E5C20074768A /* WebserviceDemo */,
				04CDF5B31D18E5C20074768A /* Products */,
			);
			sourceTree = "<group>";
		};
		04CDF5B31D18E5C20074768A /* Products */ = {
			isa = PBXGroup;
			children = (
				04CDF5B21D18E5C20074768A /* WebserviceDemo.app */,
			);
			name = Products;
			sourceTree = "<group>";
		};
		04CDF5B41D18E5C20074768A /* WebserviceDemo */ = {
			isa = PBXGroup;
			children = (
				04CDF5B81D18E5C20074768A /* AppDelegate.h */,
				04CDF5B91D18E5C20074768A /* AppDelegate.m */,
				04CDF5D21D19035A0074768A /* Files */,
				04CDF5CC1D18E7730074768A /* Classes */,
				04CDF5BE1D18E5C20074768A /* Main.storyboard */,
				04CDF5C11D18E5C20074768A /* Assets.xcassets */,
				04CDF5C31D18E5C20074768A /* LaunchScreen.storyboard */,
				04CDF5C61D18E5C20074768A /* Info.plist */,
				04CDF5B51D18E5C20074768A /* Supporting Files */,
			);
			path = WebserviceDemo;
			sourceTree = "<group>";
		};
		04CDF5B51D18E5C20074768A /* Supporting Files */ = {
			isa = PBXGroup;
			children = (
				04CDF5B61D18E5C20074768A /* main.m */,
			);
			name = "Supporting Files";
			sourceTree = "<group>";
		};
		04CDF5CC1D18E7730074768A /* Classes */ = {
			isa = PBXGroup;
			children = (
				0449D4111D2CD9D8007A0BA9 /* LifeSkillDemoClasses */,
				04CDF5CD1D18E7730074768A /* ViewController.h */,
				04CDF5CE1D18E7730074768A /* ViewController.m */,
				04CDF5D01D18E7940074768A /* ViewController.xib */,
			);
			path = Classes;
			sourceTree = "<group>";
		};
		04CDF5D21D19035A0074768A /* Files */ = {
			isa = PBXGroup;
			children = (
				04F3A5501D1B9F9500CFA0AE /* XMLParserFile */,
			);
			path = Files;
			sourceTree = "<group>";
		};
/* End PBXGroup section */

/* Begin PBXNativeTarget section */
		04CDF5B11D18E5C20074768A /* WebserviceDemo */ = {
			isa = PBXNativeTarget;
			buildConfigurationList = 04CDF5C91D18E5C20074768A /* Build configuration list for PBXNativeTarget "WebserviceDemo" */;
			buildPhases = (
				04CDF5AE1D18E5C20074768A /* Sources */,
				04CDF5AF1D18E5C20074768A /* Frameworks */,
				04CDF5B01D18E5C20074768A /* Resources */,
			);
			buildRules = (
			);
			dependencies = (
			);
			name = WebserviceDemo;
			productName = WebserviceDemo;
			productReference = 04CDF5B21D18E5C20074768A /* WebserviceDemo.app */;
			productType = "com.apple.product-type.application";
		};
/* End PBXNativeTarget section */

/* Begin PBXProject section */
		04CDF5AA1D18E5C20074768A /* Project object */ = {
			isa = PBXProject;
			attributes = {
				LastUpgradeCheck = 0730;
				ORGANIZATIONNAME = "Priti Suthar";
				TargetAttributes = {
					04CDF5B11D18E5C20074768A = {
						CreatedOnToolsVersion = 7.3;
					};
				};
			};
			buildConfigurationList = 04CDF5AD1D18E5C20074768A /* Build configuration list for PBXProject "WebserviceDemo" */;
			compatibilityVersion = "Xcode 3.2";
			developmentRegion = English;
			hasScannedForEncodings = 0;
			knownRegions = (
				en,
				Base,
			);
			mainGroup = 04CDF5A91D18E5C20074768A;
			productRefGroup = 04CDF5B31D18E5C20074768A /* Products */;
			projectDirPath = "";
			projectRoot = "";
			targets = (
				04CDF5B11D18E5C20074768A /* WebserviceDemo */,
			);
		};
/* End PBXProject section */

/* Begin PBXResourcesBuildPhase section */
		04CDF5B01D18E5C20074768A /* Resources */ = {
			isa = PBXResourcesBuildPhase;
			buildActionMask = 2147483647;
			files = (
				04CDF5C51D18E5C20074768A /* LaunchScreen.storyboard in Resources */,
				04CDF5C21D18E5C20074768A /* Assets.xcassets in Resources */,
				0449D4171D2CDA2B007A0BA9 /* TTC_NumberAndTypeOfPrompt.xib in Resources */,
				04CDF5D11D18E7940074768A /* ViewController.xib in Resources */,
				0449D4331D2D02F8007A0BA9 /* PromptTypeCollectionCell.xib in Resources */,
				04CDF5C01D18E5C20074768A /* Main.storyboard in Resources */,
				04F3A5511D1B9F9500CFA0AE /* XMLParserFile in Resources */,
			);
			runOnlyForDeploymentPostprocessing = 0;
		};
/* End PBXResourcesBuildPhase section */

/* Begin PBXSourcesBuildPhase section */
		04CDF5AE1D18E5C20074768A /* Sources */ = {
			isa = PBXSourcesBuildPhase;
			buildActionMask = 2147483647;
			files = (
				0449D4161D2CDA2B007A0BA9 /* TTC_NumberAndTypeOfPrompt.m in Sources */,
				04CDF5CF1D18E7730074768A /* ViewController.m in Sources */,
				0449D4271D2D01E9007A0BA9 /* CustomCollectionViewLayout.m in Sources */,
				0449D4321D2D02F8007A0BA9 /* PromptTypeCollectionCell.m in Sources */,
				04CDF5BA1D18E5C20074768A /* AppDelegate.m in Sources */,
				04CDF5B71D18E5C20074768A /* main.m in Sources */,
			);
			runOnlyForDeploymentPostprocessing = 0;
		};
/* End PBXSourcesBuildPhase section */

/* Begin PBXVariantGroup section */
		04CDF5BE1D18E5C20074768A /* Main.storyboard */ = {
			isa = PBXVariantGroup;
			children = (
				04CDF5BF1D18E5C20074768A /* Base */,
			);
			name = Main.storyboard;
			sourceTree = "<group>";
		};
		04CDF5C31D18E5C20074768A /* LaunchScreen.storyboard */ = {
			isa = PBXVariantGroup;
			children = (
				04CDF5C41D18E5C20074768A /* Base */,
			);
			name = LaunchScreen.storyboard;
			sourceTree = "<group>";
		};
/* End PBXVariantGroup section */

/* Begin XCBuildConfiguration section */
		04CDF5C71D18E5C20074768A /* Debug */ = {
			isa = XCBuildConfiguration;
			buildSettings = {
				ALWAYS_SEARCH_USER_PATHS = NO;
				CLANG_ANALYZER_NONNULL = YES;
				CLANG_CXX_LANGUAGE_STANDARD = "gnu++0x";
				CLANG_CXX_LIBRARY = "libc++";
				CLANG_ENABLE_MODULES = YES;
				CLANG_ENABLE_OBJC_ARC = YES;
				CLANG_WARN_BOOL_CONVERSION = YES;
				CLANG_WARN_CONSTANT_CONVERSION = YES;
				CLANG_WARN_DIRECT_OBJC_ISA_USAGE = YES_ERROR;
				CLANG_WARN_EMPTY_BODY = YES;
				CLANG_WARN_ENUM_CONVERSION = YES;
				CLANG_WARN_INT_CONVERSION = YES;
				CLANG_WARN_OBJC_ROOT_CLASS = YES_ERROR;
				CLANG_WARN_UNREACHABLE_CODE = YES;
				CLANG_WARN__DUPLICATE_METHOD_MATCH = YES;
				"CODE_SIGN_IDENTITY[sdk=iphoneos*]" = "iPhone Developer";
				COPY_PHASE_STRIP = NO;
				DEBUG_INFORMATION_FORMAT = dwarf;
				ENABLE_STRICT_OBJC_MSGSEND = YES;
				ENABLE_TESTABILITY = YES;
				GCC_C_LANGUAGE_STANDARD = gnu99;
				GCC_DYNAMIC_NO_PIC = NO;
				GCC_NO_COMMON_BLOCKS = YES;
				GCC_OPTIMIZATION_LEVEL = 0;
				GCC_PREPROCESSOR_DEFINITIONS = (
					"DEBUG=1",
					"$(inherited)",
				);
				GCC_WARN_64_TO_32_BIT_CONVERSION = YES;
				GCC_WARN_ABOUT_RETURN_TYPE = YES_ERROR;
				GCC_WARN_UNDECLARED_SELECTOR = YES;
				GCC_WARN_UNINITIALIZED_AUTOS = YES_AGGRESSIVE;
				GCC_WARN_UNUSED_FUNCTION = YES;
				GCC_WARN_UNUSED_VARIABLE = YES;
				IPHONEOS_DEPLOYMENT_TARGET = 9.3;
				MTL_ENABLE_DEBUG_INFO = YES;
				ONLY_ACTIVE_ARCH = YES;
				SDKROOT = iphoneos;
				TARGETED_DEVICE_FAMILY = "1,2";
			};
			name = Debug;
		};
		04CDF5C81D18E5C20074768A /* Release */ = {
			isa = XCBuildConfiguration;
			buildSettings = {
				ALWAYS_SEARCH_USER_PATHS = NO;
				CLANG_ANALYZER_NONNULL = YES;
				CLANG_CXX_LANGUAGE_STANDARD = "gnu++0x";
				CLANG_CXX_LIBRARY = "libc++";
				CLANG_ENABLE_MODULES = YES;
				CLANG_ENABLE_OBJC_ARC = YES;
				CLANG_WARN_BOOL_CONVERSION = YES;
				CLANG_WARN_CONSTANT_CONVERSION = YES;
				CLANG_WARN_DIRECT_OBJC_ISA_USAGE = YES_ERROR;
				CLANG_WARN_EMPTY_BODY = YES;
				CLANG_WARN_ENUM_CONVERSION = YES;
				CLANG_WARN_INT_CONVERSION = YES;
				CLANG_WARN_OBJC_ROOT_CLASS = YES_ERROR;
				CLANG_WARN_UNREACHABLE_CODE = YES;
				CLANG_WARN__DUPLICATE_METHOD_MATCH = YES;
				"CODE_SIGN_IDENTITY[sdk=iphoneos*]" = "iPhone Developer";
				COPY_PHASE_STRIP = NO;
				DEBUG_INFORMATION_FORMAT = "dwarf-with-dsym";
				ENABLE_NS_ASSERTIONS = NO;
				ENABLE_STRICT_OBJC_MSGSEND = YES;
				GCC_C_LANGUAGE_STANDARD = gnu99;
				GCC_NO_COMMON_BLOCKS = YES;
				GCC_WARN_64_TO_32_BIT_CONVERSION = YES;
				GCC_WARN_ABOUT_RETURN_TYPE = YES_ERROR;
				GCC_WARN_UNDECLARED_SELECTOR = YES;
				GCC_WARN_UNINITIALIZED_AUTOS = YES_AGGRESSIVE;
				GCC_WARN_UNUSED_FUNCTION = YES;
				GCC_WARN_UNUSED_VARIABLE = YES;
				IPHONEOS_DEPLOYMENT_TARGET = 9.3;
				MTL_ENABLE_DEBUG_INFO = NO;
				SDKROOT = iphoneos;
				TARGETED_DEVICE_FAMILY = "1,2";
				VALIDATE_PRODUCT = YES;
			};
			name = Release;
		};
		04CDF5CA1D18E5C20074768A /* Debug */ = {
			isa = XCBuildConfiguration;
			buildSettings = {
				ASSETCATALOG_COMPILER_APPICON_NAME = AppIcon;
				INFOPLIST_FILE = WebserviceDemo/Info.plist;
				LD_RUNPATH_SEARCH_PATHS = "$(inherited) @executable_path/Frameworks";
				PRODUCT_BUNDLE_IDENTIFIER = Priti.WebserviceDemo;
				PRODUCT_NAME = "$(TARGET_NAME)";
			};
			name = Debug;
		};
		04CDF5CB1D18E5C20074768A /* Release */ = {
			isa = XCBuildConfiguration;
			buildSettings = {
				ASSETCATALOG_COMPILER_APPICON_NAME = AppIcon;
				INFOPLIST_FILE = WebserviceDemo/Info.plist;
				LD_RUNPATH_SEARCH_PATHS = "$(inherited) @executable_path/Frameworks";
				PRODUCT_BUNDLE_IDENTIFIER = Priti.WebserviceDemo;
				PRODUCT_NAME = "$(TARGET_NAME)";
			};
			name = Release;
		};
/* End XCBuildConfiguration section */

/* Begin XCConfigurationList section */
		04CDF5AD1D18E5C20074768A /* Build configuration list for PBXProject "WebserviceDemo" */ = {
			isa = XCConfigurationList;
			buildConfigurations = (
				04CDF5C71D18E5C20074768A /* Debug */,
				04CDF5C81D18E5C20074768A /* Release */,
			);
			defaultConfigurationIsVisible = 0;
			defaultConfigurationName = Release;
		};
		04CDF5C91D18E5C20074768A /* Build configuration list for PBXNativeTarget "WebserviceDemo" */ = {
			isa = XCConfigurationList;
			buildConfigurations = (
				04CDF5CA1D18E5C20074768A /* Debug */,
				04CDF5CB1D18E5C20074768A /* Release */,
			);
			defaultConfigurationIsVisible = 0;
			defaultConfigurationName = Release;
		};
/* End XCConfigurationList section */
	};
	rootObject = 04CDF5AA1D18E5C20074768A /* Project object */;
}
